
Microsoft Visual Studio Solution File, Format Version 12.00
# Visual Studio Version 16
VisualStudioVersion = 16.0.31205.134
MinimumVisualStudioVersion = 10.0.40219.1
Project("{FAE04EC0-301F-11D3-BF4B-00C04F79EFBC}") = "WebApplication1", "WebApplication1\WebApplication1.csproj", "{7BF37154-7811-4162-B799-DC61331C4AF8}"
EndProject
Project("{FAE04EC0-301F-11D3-BF4B-00C04F79EFBC}") = "Logica", "Logica\Logica.csproj", "{5F7F68AE-314B-4044-812A-400103B4927A}"
EndProject
Global
	GlobalSection(SolutionConfigurationPlatforms) = preSolution
		Debug|Any CPU = Debug|Any CPU
		Release|Any CPU = Release|Any CPU
	EndGlobalSection
	GlobalSection(ProjectConfigurationPlatforms) = postSolution
		{7BF37154-7811-4162-B799-DC61331C4AF8}.Debug|Any CPU.ActiveCfg = Debug|Any CPU
		{7BF37154-7811-4162-B799-DC61331C4AF8}.Debug|Any CPU.Build.0 = Debug|Any CPU
		{7BF37154-7811-4162-B799-DC61331C4AF8}.Release|Any CPU.ActiveCfg = Release|Any CPU
		{7BF37154-7811-4162-B799-DC61331C4AF8}.Release|Any CPU.Build.0 = Release|Any CPU
		{5F7F68AE-314B-4044-812A-400103B4927A}.Debug|Any CPU.ActiveCfg = Debug|Any CPU
		{5F7F68AE-314B-4044-812A-400103B4927A}.Debug|Any CPU.Build.0 = Debug|Any CPU
		{5F7F68AE-314B-4044-812A-400103B4927A}.Release|Any CPU.ActiveCfg = Release|Any CPU
		{5F7F68AE-314B-4044-812A-400103B4927A}.Release|Any CPU.Build.0 = Release|Any CPU
	EndGlobalSection
	GlobalSection(SolutionProperties) = preSolution
		HideSolutionNode = FALSE
	EndGlobalSection
	GlobalSection(ExtensibilityGlobals) = postSolution
		SolutionGuid = {5AEDEF70-BD47-408E-B15C-6FBE619B741A}
	EndGlobalSection
EndGlobal
